// !$*UTF8*$!
{
	archiveVersion = 1;
	classes = {
	};
	objectVersion = 55;
	objects = {

/* Begin PBXBuildFile section */
		EFF1548427EE009A0087DB3D /* ArtifactONEApp.swift in Sources */ = {isa = PBXBuildFile; fileRef = EFF1548327EE009A0087DB3D /* ArtifactONEApp.swift */; };
		EFF1548627EE009A0087DB3D /* ContentView.swift in Sources */ = {isa = PBXBuildFile; fileRef = EFF1548527EE009A0087DB3D /* ContentView.swift */; };
		EFF1548827EE009C0087DB3D /* Assets.xcassets in Resources */ = {isa = PBXBuildFile; fileRef = EFF1548727EE009C0087DB3D /* Assets.xcassets */; };
		EFF1548B27EE009C0087DB3D /* Preview Assets.xcassets in Resources */ = {isa = PBXBuildFile; fileRef = EFF1548A27EE009C0087DB3D /* Preview Assets.xcassets */; };
		EFF1549227EE0C4F0087DB3D /* NonModalButtonView.swift in Sources */ = {isa = PBXBuildFile; fileRef = EFF1549127EE0C4F0087DB3D /* NonModalButtonView.swift */; };
		EFF1549427EE0CBB0087DB3D /* Main.storyboard in Resources */ = {isa = PBXBuildFile; fileRef = EFF1549327EE0CBB0087DB3D /* Main.storyboard */; };
		EFF1549827EE11420087DB3D /* KevinView.swift in Sources */ = {isa = PBXBuildFile; fileRef = EFF1549727EE11420087DB3D /* KevinView.swift */; };
		EFF1549A27EE1A390087DB3D /* SheetView.swift in Sources */ = {isa = PBXBuildFile; fileRef = EFF1549927EE1A390087DB3D /* SheetView.swift */; };
/* End PBXBuildFile section */

/* Begin PBXFileReference section */
		EFF1548027EE009A0087DB3D /* ArtifactONE.app */ = {isa = PBXFileReference; explicitFileType = wrapper.application; includeInIndex = 0; path = ArtifactONE.app; sourceTree = BUILT_PRODUCTS_DIR; };
		EFF1548327EE009A0087DB3D /* ArtifactONEApp.swift */ = {isa = PBXFileReference; lastKnownFileType = sourcecode.swift; path = ArtifactONEApp.swift; sourceTree = "<group>"; };
		EFF1548527EE009A0087DB3D /* ContentView.swift */ = {isa = PBXFileReference; lastKnownFileType = sourcecode.swift; path = ContentView.swift; sourceTree = "<group>"; };
		EFF1548727EE009C0087DB3D /* Assets.xcassets */ = {isa = PBXFileReference; lastKnownFileType = folder.assetcatalog; path = Assets.xcassets; sourceTree = "<group>"; };
		EFF1548A27EE009C0087DB3D /* Preview Assets.xcassets */ = {isa = PBXFileReference; lastKnownFileType = folder.assetcatalog; path = "Preview Assets.xcassets"; sourceTree = "<group>"; };
		EFF1549127EE0C4F0087DB3D /* NonModalButtonView.swift */ = {isa = PBXFileReference; lastKnownFileType = sourcecode.swift; path = NonModalButtonView.swift; sourceTree = "<group>"; };
		EFF1549327EE0CBB0087DB3D /* Main.storyboard */ = {isa = PBXFileReference; lastKnownFileType = file.storyboard; path = Main.storyboard; sourceTree = "<group>"; };
		EFF1549727EE11420087DB3D /* KevinView.swift */ = {isa = PBXFileReference; lastKnownFileType = sourcecode.swift; path = KevinView.swift; sourceTree = "<group>"; tabWidth = 2; usesTabs = 0; wrapsLines = 0; };
		EFF1549927EE1A390087DB3D /* SheetView.swift */ = {isa = PBXFileReference; lastKnownFileType = sourcecode.swift; path = SheetView.swift; sourceTree = "<group>"; };
/* End PBXFileReference section */

/* Begin PBXFrameworksBuildPhase section */
		EFF1547D27EE009A0087DB3D /* Frameworks */ = {
			isa = PBXFrameworksBuildPhase;
			buildActionMask = 2147483647;
			files = (
			);
			runOnlyForDeploymentPostprocessing = 0;
		};
/* End PBXFrameworksBuildPhase section */

/* Begin PBXGroup section */
		EFF1547727EE009A0087DB3D = {
			isa = PBXGroup;
			children = (
				EFF1548227EE009A0087DB3D /* ArtifactONE */,
				EFF1548127EE009A0087DB3D /* Products */,
			);
			sourceTree = "<group>";
		};
		EFF1548127EE009A0087DB3D /* Products */ = {
			isa = PBXGroup;
			children = (
				EFF1548027EE009A0087DB3D /* ArtifactONE.app */,
			);
			name = Products;
			sourceTree = "<group>";
		};
		EFF1548227EE009A0087DB3D /* ArtifactONE */ = {
			isa = PBXGroup;
			children = (
				EFF1548327EE009A0087DB3D /* ArtifactONEApp.swift */,
				EFF1548527EE009A0087DB3D /* ContentView.swift */,
				EFF1549127EE0C4F0087DB3D /* NonModalButtonView.swift */,
				EFF1549527EE0F6C0087DB3D /* UIkit */,
				EFF1549627EE0F780087DB3D /* SwiftUI */,
				EFF1548927EE009C0087DB3D /* Preview Content */,
			);
			path = ArtifactONE;
			sourceTree = "<group>";
		};
		EFF1548927EE009C0087DB3D /* Preview Content */ = {
			isa = PBXGroup;
			children = (
				EFF1548A27EE009C0087DB3D /* Preview Assets.xcassets */,
			);
			path = "Preview Content";
			sourceTree = "<group>";
		};
		EFF1549527EE0F6C0087DB3D /* UIkit */ = {
			isa = PBXGroup;
			children = (
				EFF1549927EE1A390087DB3D /* SheetView.swift */,
				EFF1549327EE0CBB0087DB3D /* Main.storyboard */,
			);
			path = UIkit;
			sourceTree = "<group>";
		};
		EFF1549627EE0F780087DB3D /* SwiftUI */ = {
			isa = PBXGroup;
			children = (
				EFF1549727EE11420087DB3D /* KevinView.swift */,
				EFF1548727EE009C0087DB3D /* Assets.xcassets */,
			);
			path = SwiftUI;
			sourceTree = "<group>";
		};
/* End PBXGroup section */

/* Begin PBXNativeTarget section */
		EFF1547F27EE009A0087DB3D /* ArtifactONE */ = {
			isa = PBXNativeTarget;
			buildConfigurationList = EFF1548E27EE009C0087DB3D /* Build configuration list for PBXNativeTarget "ArtifactONE" */;
			buildPhases = (
				EFF1547C27EE009A0087DB3D /* Sources */,
				EFF1547D27EE009A0087DB3D /* Frameworks */,
				EFF1547E27EE009A0087DB3D /* Resources */,
			);
			buildRules = (
			);
			dependencies = (
			);
			name = ArtifactONE;
			productName = ArtifactONE;
			productReference = EFF1548027EE009A0087DB3D /* ArtifactONE.app */;
			productType = "com.apple.product-type.application";
		};
/* End PBXNativeTarget section */

/* Begin PBXProject section */
		EFF1547827EE009A0087DB3D /* Project object */ = {
			isa = PBXProject;
			attributes = {
				BuildIndependentTargetsInParallel = 1;
				LastSwiftUpdateCheck = 1330;
				LastUpgradeCheck = 1330;
				TargetAttributes = {
					EFF1547F27EE009A0087DB3D = {
						CreatedOnToolsVersion = 13.3;
					};
				};
			};
			buildConfigurationList = EFF1547B27EE009A0087DB3D /* Build configuration list for PBXProject "ArtifactONE" */;
			compatibilityVersion = "Xcode 13.0";
			developmentRegion = en;
			hasScannedForEncodings = 0;
			knownRegions = (
				en,
				Base,
			);
			mainGroup = EFF1547727EE009A0087DB3D;
			productRefGroup = EFF1548127EE009A0087DB3D /* Products */;
			projectDirPath = "";
			projectRoot = "";
			targets = (
				EFF1547F27EE009A0087DB3D /* ArtifactONE */,
			);
		};
/* End PBXProject section */

/* Begin PBXResourcesBuildPhase section */
		EFF1547E27EE009A0087DB3D /* Resources */ = {
			isa = PBXResourcesBuildPhase;
			buildActionMask = 2147483647;
			files = (
				EFF1549427EE0CBB0087DB3D /* Main.storyboard in Resources */,
				EFF1548B27EE009C0087DB3D /* Preview Assets.xcassets in Resources */,
				EFF1548827EE009C0087DB3D /* Assets.xcassets in Resources */,
			);
			runOnlyForDeploymentPostprocessing = 0;
		};
/* End PBXResourcesBuildPhase section */

/* Begin PBXSourcesBuildPhase section */
		EFF1547C27EE009A0087DB3D /* Sources */ = {
			isa = PBXSourcesBuildPhase;
			buildActionMask = 2147483647;
			files = (
				EFF1548627EE009A0087DB3D /* ContentView.swift in Sources */,
				EFF1549227EE0C4F0087DB3D /* NonModalButtonView.swift in Sources */,
				EFF1549A27EE1A390087DB3D /* SheetView.swift in Sources */,
				EFF1549827EE11420087DB3D /* KevinView.swift in Sources */,
				EFF1548427EE009A0087DB3D /* ArtifactONEApp.swift in Sources */,
			);
			runOnlyForDeploymentPostprocessing = 0;
		};
/* End PBXSourcesBuildPhase section */

/* Begin XCBuildConfiguration section */
		EFF1548C27EE009C0087DB3D /* Debug */ = {
			isa = XCBuildConfiguration;
			buildSettings = {
				ALWAYS_SEARCH_USER_PATHS = NO;
				CLANG_ANALYZER_NONNULL = YES;
				CLANG_ANALYZER_NUMBER_OBJECT_CONVERSION = YES_AGGRESSIVE;
				CLANG_CXX_LANGUAGE_STANDARD = "gnu++17";
				CLANG_ENABLE_MODULES = YES;
				CLANG_ENABLE_OBJC_ARC = YES;
				CLANG_ENABLE_OBJC_WEAK = YES;
				CLANG_WARN_BLOCK_CAPTURE_AUTORELEASING = YES;
				CLANG_WARN_BOOL_CONVERSION = YES;
				CLANG_WARN_COMMA = YES;
				CLANG_WARN_CONSTANT_CONVERSION = YES;
				CLANG_WARN_DEPRECATED_OBJC_IMPLEMENTATIONS = YES;
				CLANG_WARN_DIRECT_OBJC_ISA_USAGE = YES_ERROR;
				CLANG_WARN_DOCUMENTATION_COMMENTS = YES;
				CLANG_WARN_EMPTY_BODY = YES;
				CLANG_WARN_ENUM_CONVERSION = YES;
				CLANG_WARN_INFINITE_RECURSION = YES;
				CLANG_WARN_INT_CONVERSION = YES;
				CLANG_WARN_NON_LITERAL_NULL_CONVERSION = YES;
				CLANG_WARN_OBJC_IMPLICIT_RETAIN_SELF = YES;
				CLANG_WARN_OBJC_LITERAL_CONVERSION = YES;
				CLANG_WARN_OBJC_ROOT_CLASS = YES_ERROR;
				CLANG_WARN_QUOTED_INCLUDE_IN_FRAMEWORK_HEADER = YES;
				CLANG_WARN_RANGE_LOOP_ANALYSIS = YES;
				CLANG_WARN_STRICT_PROTOTYPES = YES;
				CLANG_WARN_SUSPICIOUS_MOVE = YES;
				CLANG_WARN_UNGUARDED_AVAILABILITY = YES_AGGRESSIVE;
				CLANG_WARN_UNREACHABLE_CODE = YES;
				CLANG_WARN__DUPLICATE_METHOD_MATCH = YES;
				COPY_PHASE_STRIP = NO;
				DEBUG_INFORMATION_FORMAT = dwarf;
				ENABLE_STRICT_OBJC_MSGSEND = YES;
				ENABLE_TESTABILITY = YES;
				GCC_C_LANGUAGE_STANDARD = gnu11;
				GCC_DYNAMIC_NO_PIC = NO;
				GCC_NO_COMMON_BLOCKS = YES;
				GCC_OPTIMIZATION_LEVEL = 0;
				GCC_PREPROCESSOR_DEFINITIONS = (
					"DEBUG=1",
					"$(inherited)",
				);
				GCC_WARN_64_TO_32_BIT_CONVERSION = YES;
				GCC_WARN_ABOUT_RETURN_TYPE = YES_ERROR;
				GCC_WARN_UNDECLARED_SELECTOR = YES;
				GCC_WARN_UNINITIALIZED_AUTOS = YES_AGGRESSIVE;
				GCC_WARN_UNUSED_FUNCTION = YES;
				GCC_WARN_UNUSED_VARIABLE = YES;
				IPHONEOS_DEPLOYMENT_TARGET = 15.4;
				MTL_ENABLE_DEBUG_INFO = INCLUDE_SOURCE;
				MTL_FAST_MATH = YES;
				ONLY_ACTIVE_ARCH = YES;
				SDKROOT = iphoneos;
				SWIFT_ACTIVE_COMPILATION_CONDITIONS = DEBUG;
				SWIFT_OPTIMIZATION_LEVEL = "-Onone";
			};
			name = Debug;
		};
		EFF1548D27EE009C0087DB3D /* Release */ = {
			isa = XCBuildConfiguration;
			buildSettings = {
				ALWAYS_SEARCH_USER_PATHS = NO;
				CLANG_ANALYZER_NONNULL = YES;
				CLANG_ANALYZER_NUMBER_OBJECT_CONVERSION = YES_AGGRESSIVE;
				CLANG_CXX_LANGUAGE_STANDARD = "gnu++17";
				CLANG_ENABLE_MODULES = YES;
				CLANG_ENABLE_OBJC_ARC = YES;
				CLANG_ENABLE_OBJC_WEAK = YES;
				CLANG_WARN_BLOCK_CAPTURE_AUTORELEASING = YES;
				CLANG_WARN_BOOL_CONVERSION = YES;
				CLANG_WARN_COMMA = YES;
				CLANG_WARN_CONSTANT_CONVERSION = YES;
				CLANG_WARN_DEPRECATED_OBJC_IMPLEMENTATIONS = YES;
				CLANG_WARN_DIRECT_OBJC_ISA_USAGE = YES_ERROR;
				CLANG_WARN_DOCUMENTATION_COMMENTS = YES;
				CLANG_WARN_EMPTY_BODY = YES;
				CLANG_WARN_ENUM_CONVERSION = YES;
				CLANG_WARN_INFINITE_RECURSION = YES;
				CLANG_WARN_INT_CONVERSION = YES;
				CLANG_WARN_NON_LITERAL_NULL_CONVERSION = YES;
				CLANG_WARN_OBJC_IMPLICIT_RETAIN_SELF = YES;
				CLANG_WARN_OBJC_LITERAL_CONVERSION = YES;
				CLANG_WARN_OBJC_ROOT_CLASS = YES_ERROR;
				CLANG_WARN_QUOTED_INCLUDE_IN_FRAMEWORK_HEADER = YES;
				CLANG_WARN_RANGE_LOOP_ANALYSIS = YES;
				CLANG_WARN_STRICT_PROTOTYPES = YES;
				CLANG_WARN_SUSPICIOUS_MOVE = YES;
				CLANG_WARN_UNGUARDED_AVAILABILITY = YES_AGGRESSIVE;
				CLANG_WARN_UNREACHABLE_CODE = YES;
				CLANG_WARN__DUPLICATE_METHOD_MATCH = YES;
				COPY_PHASE_STRIP = NO;
				DEBUG_INFORMATION_FORMAT = "dwarf-with-dsym";
				ENABLE_NS_ASSERTIONS = NO;
				ENABLE_STRICT_OBJC_MSGSEND = YES;
				GCC_C_LANGUAGE_STANDARD = gnu11;
				GCC_NO_COMMON_BLOCKS = YES;
				GCC_WARN_64_TO_32_BIT_CONVERSION = YES;
				GCC_WARN_ABOUT_RETURN_TYPE = YES_ERROR;
				GCC_WARN_UNDECLARED_SELECTOR = YES;
				GCC_WARN_UNINITIALIZED_AUTOS = YES_AGGRESSIVE;
				GCC_WARN_UNUSED_FUNCTION = YES;
				GCC_WARN_UNUSED_VARIABLE = YES;
				IPHONEOS_DEPLOYMENT_TARGET = 15.4;
				MTL_ENABLE_DEBUG_INFO = NO;
				MTL_FAST_MATH = YES;
				SDKROOT = iphoneos;
				SWIFT_COMPILATION_MODE = wholemodule;
				SWIFT_OPTIMIZATION_LEVEL = "-O";
				VALIDATE_PRODUCT = YES;
			};
			name = Release;
		};
		EFF1548F27EE009C0087DB3D /* Debug */ = {
			isa = XCBuildConfiguration;
			buildSettings = {
				ASSETCATALOG_COMPILER_APPICON_NAME = AppIcon;
				ASSETCATALOG_COMPILER_GLOBAL_ACCENT_COLOR_NAME = AccentColor;
				CODE_SIGN_STYLE = Automatic;
				CURRENT_PROJECT_VERSION = 1;
				DEVELOPMENT_ASSET_PATHS = "\"ArtifactONE/Preview Content\"";
				DEVELOPMENT_TEAM = 585KQX5HF9;
				ENABLE_PREVIEWS = YES;
				GENERATE_INFOPLIST_FILE = YES;
				INFOPLIST_KEY_UIApplicationSceneManifest_Generation = YES;
				INFOPLIST_KEY_UIApplicationSupportsIndirectInputEvents = YES;
				INFOPLIST_KEY_UILaunchScreen_Generation = YES;
				INFOPLIST_KEY_UISupportedInterfaceOrientations_iPad = "UIInterfaceOrientationPortrait UIInterfaceOrientationPortraitUpsideDown UIInterfaceOrientationLandscapeLeft UIInterfaceOrientationLandscapeRight";
				INFOPLIST_KEY_UISupportedInterfaceOrientations_iPhone = "UIInterfaceOrientationPortrait UIInterfaceOrientationLandscapeLeft UIInterfaceOrientationLandscapeRight";
				LD_RUNPATH_SEARCH_PATHS = (
					"$(inherited)",
					"@executable_path/Frameworks",
				);
				MARKETING_VERSION = 1.0;
				PRODUCT_BUNDLE_IDENTIFIER = com.alessandrogallo.ArtifactONE;
				PRODUCT_NAME = "$(TARGET_NAME)";
				SWIFT_EMIT_LOC_STRINGS = YES;
				SWIFT_VERSION = 5.0;
				TARGETED_DEVICE_FAMILY = "1,2";
			};
			name = Debug;
		};
		EFF1549027EE009C0087DB3D /* Release */ = {
			isa = XCBuildConfiguration;
			buildSettings = {
				ASSETCATALOG_COMPILER_APPICON_NAME = AppIcon;
				ASSETCATALOG_COMPILER_GLOBAL_ACCENT_COLOR_NAME = AccentColor;
				CODE_SIGN_STYLE = Automatic;
				CURRENT_PROJECT_VERSION = 1;
				DEVELOPMENT_ASSET_PATHS = "\"ArtifactONE/Preview Content\"";
				DEVELOPMENT_TEAM = 585KQX5HF9;
				ENABLE_PREVIEWS = YES;
				GENERATE_INFOPLIST_FILE = YES;
				INFOPLIST_KEY_UIApplicationSceneManifest_Generation = YES;
				INFOPLIST_KEY_UIApplicationSupportsIndirectInputEvents = YES;
				INFOPLIST_KEY_UILaunchScreen_Generation = YES;
				INFOPLIST_KEY_UISupportedInterfaceOrientations_iPad = "UIInterfaceOrientationPortrait UIInterfaceOrientationPortraitUpsideDown UIInterfaceOrientationLandscapeLeft UIInterfaceOrientationLandscapeRight";
				INFOPLIST_KEY_UISupportedInterfaceOrientations_iPhone = "UIInterfaceOrientationPortrait UIInterfaceOrientationLandscapeLeft UIInterfaceOrientationLandscapeRight";
				LD_RUNPATH_SEARCH_PATHS = (
					"$(inherited)",
					"@executable_path/Frameworks",
				);
				MARKETING_VERSION = 1.0;
				PRODUCT_BUNDLE_IDENTIFIER = com.alessandrogallo.ArtifactONE;
				PRODUCT_NAME = "$(TARGET_NAME)";
				SWIFT_EMIT_LOC_STRINGS = YES;
				SWIFT_VERSION = 5.0;
				TARGETED_DEVICE_FAMILY = "1,2";
			};
			name = Release;
		};
/* End XCBuildConfiguration section */

/* Begin XCConfigurationList section */
		EFF1547B27EE009A0087DB3D /* Build configuration list for PBXProject "ArtifactONE" */ = {
			isa = XCConfigurationList;
			buildConfigurations = (
				EFF1548C27EE009C0087DB3D /* Debug */,
				EFF1548D27EE009C0087DB3D /* Release */,
			);
			defaultConfigurationIsVisible = 0;
			defaultConfigurationName = Release;
		};
		EFF1548E27EE009C0087DB3D /* Build configuration list for PBXNativeTarget "ArtifactONE" */ = {
			isa = XCConfigurationList;
			buildConfigurations = (
				EFF1548F27EE009C0087DB3D /* Debug */,
				EFF1549027EE009C0087DB3D /* Release */,
			);
			defaultConfigurationIsVisible = 0;
			defaultConfigurationName = Release;
		};
/* End XCConfigurationList section */
	};
	rootObject = EFF1547827EE009A0087DB3D /* Project object */;
}
